Microsoft Visual Studio Solution File, Format Version 11.00
# Visual Studio 2008

Project("{1BC4EC9F-1908-F704-8218-A944EF1157FA}") = "Copenhacks Space Jam", "Assembly-CSharp-firstpass.csproj", "{889597BB-D3C0-37A6-EDF9-27EAC10238E4}"
EndProject
Project("{1BC4EC9F-1908-F704-8218-A944EF1157FA}") = "Copenhacks Space Jam", "Assembly-CSharp.csproj", "{221D4947-D989-0FBB-4C8F-42AF5860EF4E}"
EndProject
Project("{1BC4EC9F-1908-F704-8218-A944EF1157FA}") = "Copenhacks Space Jam", "Assembly-CSharp-Editor.csproj", "{A82264EE-BD7C-4A0A-2736-51C954EEC704}"
EndProject
Global
	GlobalSection(SolutionConfigurationPlatforms) = preSolution
		Debug|Any CPU = Debug|Any CPU
		Release|Any CPU = Release|Any CPU
	EndGlobalSection
	GlobalSection(ProjectConfigurationPlatforms) = postSolution
		{889597BB-D3C0-37A6-EDF9-27EAC10238E4}.Debug|Any CPU.ActiveCfg = Debug|Any CPU
		{889597BB-D3C0-37A6-EDF9-27EAC10238E4}.Debug|Any CPU.Build.0 = Debug|Any CPU
		{889597BB-D3C0-37A6-EDF9-27EAC10238E4}.Release|Any CPU.ActiveCfg = Release|Any CPU
		{889597BB-D3C0-37A6-EDF9-27EAC10238E4}.Release|Any CPU.Build.0 = Release|Any CPU
		{221D4947-D989-0FBB-4C8F-42AF5860EF4E}.Debug|Any CPU.ActiveCfg = Debug|Any CPU
		{221D4947-D989-0FBB-4C8F-42AF5860EF4E}.Debug|Any CPU.Build.0 = Debug|Any CPU
		{221D4947-D989-0FBB-4C8F-42AF5860EF4E}.Release|Any CPU.ActiveCfg = Release|Any CPU
		{221D4947-D989-0FBB-4C8F-42AF5860EF4E}.Release|Any CPU.Build.0 = Release|Any CPU
		{A82264EE-BD7C-4A0A-2736-51C954EEC704}.Debug|Any CPU.ActiveCfg = Debug|Any CPU
		{A82264EE-BD7C-4A0A-2736-51C954EEC704}.Debug|Any CPU.Build.0 = Debug|Any CPU
		{A82264EE-BD7C-4A0A-2736-51C954EEC704}.Release|Any CPU.ActiveCfg = Release|Any CPU
		{A82264EE-BD7C-4A0A-2736-51C954EEC704}.Release|Any CPU.Build.0 = Release|Any CPU
	EndGlobalSection
	GlobalSection(SolutionProperties) = preSolution
		HideSolutionNode = FALSE
	EndGlobalSection
	GlobalSection(MonoDevelopProperties) = preSolution
		StartupItem = Assembly-CSharp.csproj
	EndGlobalSection
EndGlobal
