Microsoft Visual Studio Solution File, Format Version 11.00
# Visual Studio 2008

Project("{6C78A26C-9CCB-DD3A-C2F7-93A9CD39240D}") = "Spacemen", "Assembly-CSharp-firstpass.csproj", "{79A5DA1E-59B6-C8F7-DD21-F69C60E9A429}"
EndProject
Project("{6C78A26C-9CCB-DD3A-C2F7-93A9CD39240D}") = "Spacemen", "Assembly-CSharp.csproj", "{C043BF0E-0FD0-62C6-ED75-81909E5BB0F0}"
EndProject
Project("{6C78A26C-9CCB-DD3A-C2F7-93A9CD39240D}") = "Spacemen", "Assembly-CSharp-Editor.csproj", "{486DB26E-6E62-CCAA-E824-B69C6A21F6F5}"
EndProject
Global
	GlobalSection(SolutionConfigurationPlatforms) = preSolution
		Debug|Any CPU = Debug|Any CPU
		Release|Any CPU = Release|Any CPU
	EndGlobalSection
	GlobalSection(ProjectConfigurationPlatforms) = postSolution
		{79A5DA1E-59B6-C8F7-DD21-F69C60E9A429}.Debug|Any CPU.ActiveCfg = Debug|Any CPU
		{79A5DA1E-59B6-C8F7-DD21-F69C60E9A429}.Debug|Any CPU.Build.0 = Debug|Any CPU
		{79A5DA1E-59B6-C8F7-DD21-F69C60E9A429}.Release|Any CPU.ActiveCfg = Release|Any CPU
		{79A5DA1E-59B6-C8F7-DD21-F69C60E9A429}.Release|Any CPU.Build.0 = Release|Any CPU
		{C043BF0E-0FD0-62C6-ED75-81909E5BB0F0}.Debug|Any CPU.ActiveCfg = Debug|Any CPU
		{C043BF0E-0FD0-62C6-ED75-81909E5BB0F0}.Debug|Any CPU.Build.0 = Debug|Any CPU
		{C043BF0E-0FD0-62C6-ED75-81909E5BB0F0}.Release|Any CPU.ActiveCfg = Release|Any CPU
		{C043BF0E-0FD0-62C6-ED75-81909E5BB0F0}.Release|Any CPU.Build.0 = Release|Any CPU
		{486DB26E-6E62-CCAA-E824-B69C6A21F6F5}.Debug|Any CPU.ActiveCfg = Debug|Any CPU
		{486DB26E-6E62-CCAA-E824-B69C6A21F6F5}.Debug|Any CPU.Build.0 = Debug|Any CPU
		{486DB26E-6E62-CCAA-E824-B69C6A21F6F5}.Release|Any CPU.ActiveCfg = Release|Any CPU
		{486DB26E-6E62-CCAA-E824-B69C6A21F6F5}.Release|Any CPU.Build.0 = Release|Any CPU
	EndGlobalSection
	GlobalSection(SolutionProperties) = preSolution
		HideSolutionNode = FALSE
	EndGlobalSection
	GlobalSection(MonoDevelopProperties) = preSolution
		StartupItem = Assembly-CSharp.csproj
	EndGlobalSection
EndGlobal
